
Microsoft Visual Studio Solution File, Format Version 12.00
# Visual Studio 15
VisualStudioVersion = 15.0.28010.2016
MinimumVisualStudioVersion = 10.0.40219.1
Project("{FAE04EC0-301F-11D3-BF4B-00C04F79EFBC}") = "Bookish_V2.Web", "Bookish_V2.Web\Bookish_V2.Web.csproj", "{F9DEB6A2-902D-4AF4-B67D-047A6600B5B4}"
EndProject
Project("{FAE04EC0-301F-11D3-BF4B-00C04F79EFBC}") = "Bookish_V2.DataAccessFmwk", "Bookish_V2.DataAccessFmwk\Bookish_V2.DataAccessFmwk.csproj", "{E06FE986-8863-4136-B9B3-E2E6CA549F58}"
EndProject
Project("{FAE04EC0-301F-11D3-BF4B-00C04F79EFBC}") = "Bookish_V2.ConsoleAppFmwk", "Bookish_V2.ConsoleAppFmwk\Bookish_V2.ConsoleAppFmwk.csproj", "{0D909087-C467-46C8-9C5D-E3A1256C3192}"
EndProject
Global
	GlobalSection(SolutionConfigurationPlatforms) = preSolution
		Debug|Any CPU = Debug|Any CPU
		Release|Any CPU = Release|Any CPU
	EndGlobalSection
	GlobalSection(ProjectConfigurationPlatforms) = postSolution
		{F9DEB6A2-902D-4AF4-B67D-047A6600B5B4}.Debug|Any CPU.ActiveCfg = Debug|Any CPU
		{F9DEB6A2-902D-4AF4-B67D-047A6600B5B4}.Debug|Any CPU.Build.0 = Debug|Any CPU
		{F9DEB6A2-902D-4AF4-B67D-047A6600B5B4}.Release|Any CPU.ActiveCfg = Release|Any CPU
		{F9DEB6A2-902D-4AF4-B67D-047A6600B5B4}.Release|Any CPU.Build.0 = Release|Any CPU
		{E06FE986-8863-4136-B9B3-E2E6CA549F58}.Debug|Any CPU.ActiveCfg = Debug|Any CPU
		{E06FE986-8863-4136-B9B3-E2E6CA549F58}.Debug|Any CPU.Build.0 = Debug|Any CPU
		{E06FE986-8863-4136-B9B3-E2E6CA549F58}.Release|Any CPU.ActiveCfg = Release|Any CPU
		{E06FE986-8863-4136-B9B3-E2E6CA549F58}.Release|Any CPU.Build.0 = Release|Any CPU
		{0D909087-C467-46C8-9C5D-E3A1256C3192}.Debug|Any CPU.ActiveCfg = Debug|Any CPU
		{0D909087-C467-46C8-9C5D-E3A1256C3192}.Debug|Any CPU.Build.0 = Debug|Any CPU
		{0D909087-C467-46C8-9C5D-E3A1256C3192}.Release|Any CPU.ActiveCfg = Release|Any CPU
		{0D909087-C467-46C8-9C5D-E3A1256C3192}.Release|Any CPU.Build.0 = Release|Any CPU
	EndGlobalSection
	GlobalSection(SolutionProperties) = preSolution
		HideSolutionNode = FALSE
	EndGlobalSection
	GlobalSection(ExtensibilityGlobals) = postSolution
		SolutionGuid = {C04E37BC-7CA4-42CA-BAB4-8F5C2BE0AC06}
	EndGlobalSection
EndGlobal
